// !$*UTF8*$!
{
	archiveVersion = 1;
	classes = {
	};
	objectVersion = 46;
	objects = {

/* Begin PBXBuildFile section */
		5200B9511D8571FB007A7EA4 /* ColorConstants.swift in Sources */ = {isa = PBXBuildFile; fileRef = 5200B9501D8571FB007A7EA4 /* ColorConstants.swift */; };
		523F81DE1D89730300838C4D /* LoginViewController.swift in Sources */ = {isa = PBXBuildFile; fileRef = 523F81DD1D89730300838C4D /* LoginViewController.swift */; };
		523F81E41D897E5F00838C4D /* LoginPresenter.swift in Sources */ = {isa = PBXBuildFile; fileRef = 523F81E31D897E5F00838C4D /* LoginPresenter.swift */; };
		523F81E71D89892D00838C4D /* ToastView.swift in Sources */ = {isa = PBXBuildFile; fileRef = 523F81E61D89892D00838C4D /* ToastView.swift */; };
		525E5F221D8A72CA00B0DFC4 /* LoginPresenterTest.swift in Sources */ = {isa = PBXBuildFile; fileRef = 525E5F211D8A72CA00B0DFC4 /* LoginPresenterTest.swift */; };
		525E5F251D8A826C00B0DFC4 /* login.png in Resources */ = {isa = PBXBuildFile; fileRef = 525E5F241D8A826C00B0DFC4 /* login.png */; };
		52893F4B1D82B65900460ABA /* AppDelegate.swift in Sources */ = {isa = PBXBuildFile; fileRef = 52893F4A1D82B65900460ABA /* AppDelegate.swift */; };
		52893F501D82B65900460ABA /* Main.storyboard in Resources */ = {isa = PBXBuildFile; fileRef = 52893F4E1D82B65900460ABA /* Main.storyboard */; };
		52893F521D82B65900460ABA /* Assets.xcassets in Resources */ = {isa = PBXBuildFile; fileRef = 52893F511D82B65900460ABA /* Assets.xcassets */; };
		52893F551D82B65900460ABA /* LaunchScreen.storyboard in Resources */ = {isa = PBXBuildFile; fileRef = 52893F531D82B65900460ABA /* LaunchScreen.storyboard */; };
		52893F601D82B65900460ABA /* ShoppingCartTests.swift in Sources */ = {isa = PBXBuildFile; fileRef = 52893F5F1D82B65900460ABA /* ShoppingCartTests.swift */; };
		52893F6B1D82B65900460ABA /* ShoppingCartUITests.swift in Sources */ = {isa = PBXBuildFile; fileRef = 52893F6A1D82B65900460ABA /* ShoppingCartUITests.swift */; };
/* End PBXBuildFile section */

/* Begin PBXContainerItemProxy section */
		52893F5C1D82B65900460ABA /* PBXContainerItemProxy */ = {
			isa = PBXContainerItemProxy;
			containerPortal = 52893F3F1D82B65900460ABA /* Project object */;
			proxyType = 1;
			remoteGlobalIDString = 52893F461D82B65900460ABA;
			remoteInfo = ShoppingCart;
		};
		52893F671D82B65900460ABA /* PBXContainerItemProxy */ = {
			isa = PBXContainerItemProxy;
			containerPortal = 52893F3F1D82B65900460ABA /* Project object */;
			proxyType = 1;
			remoteGlobalIDString = 52893F461D82B65900460ABA;
			remoteInfo = ShoppingCart;
		};
/* End PBXContainerItemProxy section */

/* Begin PBXFileReference section */
		5200B9501D8571FB007A7EA4 /* ColorConstants.swift */ = {isa = PBXFileReference; fileEncoding = 4; lastKnownFileType = sourcecode.swift; path = ColorConstants.swift; sourceTree = "<group>"; };
		523F81DD1D89730300838C4D /* LoginViewController.swift */ = {isa = PBXFileReference; fileEncoding = 4; lastKnownFileType = sourcecode.swift; name = LoginViewController.swift; path = Login/LoginViewController.swift; sourceTree = "<group>"; };
		523F81E31D897E5F00838C4D /* LoginPresenter.swift */ = {isa = PBXFileReference; fileEncoding = 4; lastKnownFileType = sourcecode.swift; path = LoginPresenter.swift; sourceTree = "<group>"; };
		523F81E61D89892D00838C4D /* ToastView.swift */ = {isa = PBXFileReference; fileEncoding = 4; lastKnownFileType = sourcecode.swift; path = ToastView.swift; sourceTree = "<group>"; };
		525E5F211D8A72CA00B0DFC4 /* LoginPresenterTest.swift */ = {isa = PBXFileReference; fileEncoding = 4; lastKnownFileType = sourcecode.swift; name = LoginPresenterTest.swift; path = Login/LoginPresenterTest.swift; sourceTree = "<group>"; };
		525E5F241D8A826C00B0DFC4 /* login.png */ = {isa = PBXFileReference; lastKnownFileType = image.png; path = login.png; sourceTree = "<group>"; };
		52893F471D82B65900460ABA /* ShoppingCart.app */ = {isa = PBXFileReference; explicitFileType = wrapper.application; includeInIndex = 0; path = ShoppingCart.app; sourceTree = BUILT_PRODUCTS_DIR; };
		52893F4A1D82B65900460ABA /* AppDelegate.swift */ = {isa = PBXFileReference; lastKnownFileType = sourcecode.swift; path = AppDelegate.swift; sourceTree = "<group>"; };
		52893F4F1D82B65900460ABA /* Base */ = {isa = PBXFileReference; lastKnownFileType = file.storyboard; name = Base; path = Base.lproj/Main.storyboard; sourceTree = "<group>"; };
		52893F511D82B65900460ABA /* Assets.xcassets */ = {isa = PBXFileReference; lastKnownFileType = folder.assetcatalog; path = Assets.xcassets; sourceTree = "<group>"; };
		52893F541D82B65900460ABA /* Base */ = {isa = PBXFileReference; lastKnownFileType = file.storyboard; name = Base; path = Base.lproj/LaunchScreen.storyboard; sourceTree = "<group>"; };
		52893F561D82B65900460ABA /* Info.plist */ = {isa = PBXFileReference; lastKnownFileType = text.plist.xml; path = Info.plist; sourceTree = "<group>"; };
		52893F5B1D82B65900460ABA /* ShoppingCartTests.xctest */ = {isa = PBXFileReference; explicitFileType = wrapper.cfbundle; includeInIndex = 0; path = ShoppingCartTests.xctest; sourceTree = BUILT_PRODUCTS_DIR; };
		52893F5F1D82B65900460ABA /* ShoppingCartTests.swift */ = {isa = PBXFileReference; lastKnownFileType = sourcecode.swift; path = ShoppingCartTests.swift; sourceTree = "<group>"; };
		52893F611D82B65900460ABA /* Info.plist */ = {isa = PBXFileReference; lastKnownFileType = text.plist.xml; path = Info.plist; sourceTree = "<group>"; };
		52893F661D82B65900460ABA /* ShoppingCartUITests.xctest */ = {isa = PBXFileReference; explicitFileType = wrapper.cfbundle; includeInIndex = 0; path = ShoppingCartUITests.xctest; sourceTree = BUILT_PRODUCTS_DIR; };
		52893F6A1D82B65900460ABA /* ShoppingCartUITests.swift */ = {isa = PBXFileReference; lastKnownFileType = sourcecode.swift; path = ShoppingCartUITests.swift; sourceTree = "<group>"; };
		52893F6C1D82B65900460ABA /* Info.plist */ = {isa = PBXFileReference; lastKnownFileType = text.plist.xml; path = Info.plist; sourceTree = "<group>"; };
/* End PBXFileReference section */

/* Begin PBXFrameworksBuildPhase section */
		52893F441D82B65900460ABA /* Frameworks */ = {
			isa = PBXFrameworksBuildPhase;
			buildActionMask = 2147483647;
			files = (
			);
			runOnlyForDeploymentPostprocessing = 0;
		};
		52893F581D82B65900460ABA /* Frameworks */ = {
			isa = PBXFrameworksBuildPhase;
			buildActionMask = 2147483647;
			files = (
			);
			runOnlyForDeploymentPostprocessing = 0;
		};
		52893F631D82B65900460ABA /* Frameworks */ = {
			isa = PBXFrameworksBuildPhase;
			buildActionMask = 2147483647;
			files = (
			);
			runOnlyForDeploymentPostprocessing = 0;
		};
/* End PBXFrameworksBuildPhase section */

/* Begin PBXGroup section */
		5200B94F1D8571BE007A7EA4 /* Utilities */ = {
			isa = PBXGroup;
			children = (
				523F81E51D89882300838C4D /* Views */,
				5200B9501D8571FB007A7EA4 /* ColorConstants.swift */,
			);
			path = Utilities;
			sourceTree = "<group>";
		};
		523F81D71D8971CA00838C4D /* Views */ = {
			isa = PBXGroup;
			children = (
				523F81DC1D8972BF00838C4D /* Login */,
			);
			path = Views;
			sourceTree = "<group>";
		};
		523F81D81D8971D400838C4D /* Presenters */ = {
			isa = PBXGroup;
			children = (
				523F81E01D89739700838C4D /* Login */,
			);
			path = Presenters;
			sourceTree = "<group>";
		};
		523F81D91D8971DC00838C4D /* Models */ = {
			isa = PBXGroup;
			children = (
				523F81DF1D89738100838C4D /* Login */,
			);
			path = Models;
			sourceTree = "<group>";
		};
		523F81DC1D8972BF00838C4D /* Login */ = {
			isa = PBXGroup;
			children = (
				523F81DD1D89730300838C4D /* LoginViewController.swift */,
			);
			name = Login;
			sourceTree = "<group>";
		};
		523F81DF1D89738100838C4D /* Login */ = {
			isa = PBXGroup;
			children = (
			);
			path = Login;
			sourceTree = "<group>";
		};
		523F81E01D89739700838C4D /* Login */ = {
			isa = PBXGroup;
			children = (
				523F81E31D897E5F00838C4D /* LoginPresenter.swift */,
			);
			path = Login;
			sourceTree = "<group>";
		};
		523F81E51D89882300838C4D /* Views */ = {
			isa = PBXGroup;
			children = (
				523F81E61D89892D00838C4D /* ToastView.swift */,
			);
			path = Views;
			sourceTree = "<group>";
		};
		525E5F201D8A72A200B0DFC4 /* Login */ = {
			isa = PBXGroup;
			children = (
				525E5F211D8A72CA00B0DFC4 /* LoginPresenterTest.swift */,
			);
			name = Login;
			sourceTree = "<group>";
		};
		525E5F231D8A824200B0DFC4 /* Screenshots */ = {
			isa = PBXGroup;
			children = (
				525E5F241D8A826C00B0DFC4 /* login.png */,
			);
			name = Screenshots;
			sourceTree = "<group>";
		};
		52893F3E1D82B65900460ABA = {
			isa = PBXGroup;
			children = (
				525E5F231D8A824200B0DFC4 /* Screenshots */,
				52893F491D82B65900460ABA /* ShoppingCart */,
				52893F5E1D82B65900460ABA /* ShoppingCartTests */,
				52893F691D82B65900460ABA /* ShoppingCartUITests */,
				52893F481D82B65900460ABA /* Products */,
			);
			sourceTree = "<group>";
		};
		52893F481D82B65900460ABA /* Products */ = {
			isa = PBXGroup;
			children = (
				52893F471D82B65900460ABA /* ShoppingCart.app */,
				52893F5B1D82B65900460ABA /* ShoppingCartTests.xctest */,
				52893F661D82B65900460ABA /* ShoppingCartUITests.xctest */,
			);
			name = Products;
			sourceTree = "<group>";
		};
		52893F491D82B65900460ABA /* ShoppingCart */ = {
			isa = PBXGroup;
			children = (
				523F81D91D8971DC00838C4D /* Models */,
				523F81D81D8971D400838C4D /* Presenters */,
				523F81D71D8971CA00838C4D /* Views */,
				5200B94F1D8571BE007A7EA4 /* Utilities */,
				52893F4A1D82B65900460ABA /* AppDelegate.swift */,
				52893F4E1D82B65900460ABA /* Main.storyboard */,
				52893F511D82B65900460ABA /* Assets.xcassets */,
				52893F531D82B65900460ABA /* LaunchScreen.storyboard */,
				52893F561D82B65900460ABA /* Info.plist */,
			);
			path = ShoppingCart;
			sourceTree = "<group>";
		};
		52893F5E1D82B65900460ABA /* ShoppingCartTests */ = {
			isa = PBXGroup;
			children = (
				525E5F201D8A72A200B0DFC4 /* Login */,
				52893F5F1D82B65900460ABA /* ShoppingCartTests.swift */,
				52893F611D82B65900460ABA /* Info.plist */,
			);
			path = ShoppingCartTests;
			sourceTree = "<group>";
		};
		52893F691D82B65900460ABA /* ShoppingCartUITests */ = {
			isa = PBXGroup;
			children = (
				52893F6A1D82B65900460ABA /* ShoppingCartUITests.swift */,
				52893F6C1D82B65900460ABA /* Info.plist */,
			);
			path = ShoppingCartUITests;
			sourceTree = "<group>";
		};
/* End PBXGroup section */

/* Begin PBXNativeTarget section */
		52893F461D82B65900460ABA /* ShoppingCart */ = {
			isa = PBXNativeTarget;
			buildConfigurationList = 52893F6F1D82B65900460ABA /* Build configuration list for PBXNativeTarget "ShoppingCart" */;
			buildPhases = (
				52893F431D82B65900460ABA /* Sources */,
				52893F441D82B65900460ABA /* Frameworks */,
				52893F451D82B65900460ABA /* Resources */,
			);
			buildRules = (
			);
			dependencies = (
			);
			name = ShoppingCart;
			productName = ShoppingCart;
			productReference = 52893F471D82B65900460ABA /* ShoppingCart.app */;
			productType = "com.apple.product-type.application";
		};
		52893F5A1D82B65900460ABA /* ShoppingCartTests */ = {
			isa = PBXNativeTarget;
			buildConfigurationList = 52893F721D82B65900460ABA /* Build configuration list for PBXNativeTarget "ShoppingCartTests" */;
			buildPhases = (
				52893F571D82B65900460ABA /* Sources */,
				52893F581D82B65900460ABA /* Frameworks */,
				52893F591D82B65900460ABA /* Resources */,
			);
			buildRules = (
			);
			dependencies = (
				52893F5D1D82B65900460ABA /* PBXTargetDependency */,
			);
			name = ShoppingCartTests;
			productName = ShoppingCartTests;
			productReference = 52893F5B1D82B65900460ABA /* ShoppingCartTests.xctest */;
			productType = "com.apple.product-type.bundle.unit-test";
		};
		52893F651D82B65900460ABA /* ShoppingCartUITests */ = {
			isa = PBXNativeTarget;
			buildConfigurationList = 52893F751D82B65900460ABA /* Build configuration list for PBXNativeTarget "ShoppingCartUITests" */;
			buildPhases = (
				52893F621D82B65900460ABA /* Sources */,
				52893F631D82B65900460ABA /* Frameworks */,
				52893F641D82B65900460ABA /* Resources */,
			);
			buildRules = (
			);
			dependencies = (
				52893F681D82B65900460ABA /* PBXTargetDependency */,
			);
			name = ShoppingCartUITests;
			productName = ShoppingCartUITests;
			productReference = 52893F661D82B65900460ABA /* ShoppingCartUITests.xctest */;
			productType = "com.apple.product-type.bundle.ui-testing";
		};
/* End PBXNativeTarget section */

/* Begin PBXProject section */
		52893F3F1D82B65900460ABA /* Project object */ = {
			isa = PBXProject;
			attributes = {
				LastSwiftUpdateCheck = 0730;
				LastUpgradeCheck = 0730;
				ORGANIZATIONNAME = "Nilesh Jarad";
				TargetAttributes = {
					52893F461D82B65900460ABA = {
						CreatedOnToolsVersion = 7.3.1;
					};
					52893F5A1D82B65900460ABA = {
						CreatedOnToolsVersion = 7.3.1;
						TestTargetID = 52893F461D82B65900460ABA;
					};
					52893F651D82B65900460ABA = {
						CreatedOnToolsVersion = 7.3.1;
						TestTargetID = 52893F461D82B65900460ABA;
					};
				};
			};
			buildConfigurationList = 52893F421D82B65900460ABA /* Build configuration list for PBXProject "ShoppingCart" */;
			compatibilityVersion = "Xcode 3.2";
			developmentRegion = English;
			hasScannedForEncodings = 0;
			knownRegions = (
				en,
				Base,
			);
			mainGroup = 52893F3E1D82B65900460ABA;
			productRefGroup = 52893F481D82B65900460ABA /* Products */;
			projectDirPath = "";
			projectRoot = "";
			targets = (
				52893F461D82B65900460ABA /* ShoppingCart */,
				52893F5A1D82B65900460ABA /* ShoppingCartTests */,
				52893F651D82B65900460ABA /* ShoppingCartUITests */,
			);
		};
/* End PBXProject section */

/* Begin PBXResourcesBuildPhase section */
		52893F451D82B65900460ABA /* Resources */ = {
			isa = PBXResourcesBuildPhase;
			buildActionMask = 2147483647;
			files = (
				52893F551D82B65900460ABA /* LaunchScreen.storyboard in Resources */,
				52893F521D82B65900460ABA /* Assets.xcassets in Resources */,
				525E5F251D8A826C00B0DFC4 /* login.png in Resources */,
				52893F501D82B65900460ABA /* Main.storyboard in Resources */,
			);
			runOnlyForDeploymentPostprocessing = 0;
		};
		52893F591D82B65900460ABA /* Resources */ = {
			isa = PBXResourcesBuildPhase;
			buildActionMask = 2147483647;
			files = (
			);
			runOnlyForDeploymentPostprocessing = 0;
		};
		52893F641D82B65900460ABA /* Resources */ = {
			isa = PBXResourcesBuildPhase;
			buildActionMask = 2147483647;
			files = (
			);
			runOnlyForDeploymentPostprocessing = 0;
		};
/* End PBXResourcesBuildPhase section */

/* Begin PBXSourcesBuildPhase section */
		52893F431D82B65900460ABA /* Sources */ = {
			isa = PBXSourcesBuildPhase;
			buildActionMask = 2147483647;
			files = (
				523F81DE1D89730300838C4D /* LoginViewController.swift in Sources */,
				5200B9511D8571FB007A7EA4 /* ColorConstants.swift in Sources */,
				52893F4B1D82B65900460ABA /* AppDelegate.swift in Sources */,
				523F81E41D897E5F00838C4D /* LoginPresenter.swift in Sources */,
				523F81E71D89892D00838C4D /* ToastView.swift in Sources */,
			);
			runOnlyForDeploymentPostprocessing = 0;
		};
		52893F571D82B65900460ABA /* Sources */ = {
			isa = PBXSourcesBuildPhase;
			buildActionMask = 2147483647;
			files = (
				525E5F221D8A72CA00B0DFC4 /* LoginPresenterTest.swift in Sources */,
				52893F601D82B65900460ABA /* ShoppingCartTests.swift in Sources */,
			);
			runOnlyForDeploymentPostprocessing = 0;
		};
		52893F621D82B65900460ABA /* Sources */ = {
			isa = PBXSourcesBuildPhase;
			buildActionMask = 2147483647;
			files = (
				52893F6B1D82B65900460ABA /* ShoppingCartUITests.swift in Sources */,
			);
			runOnlyForDeploymentPostprocessing = 0;
		};
/* End PBXSourcesBuildPhase section */

/* Begin PBXTargetDependency section */
		52893F5D1D82B65900460ABA /* PBXTargetDependency */ = {
			isa = PBXTargetDependency;
			target = 52893F461D82B65900460ABA /* ShoppingCart */;
			targetProxy = 52893F5C1D82B65900460ABA /* PBXContainerItemProxy */;
		};
		52893F681D82B65900460ABA /* PBXTargetDependency */ = {
			isa = PBXTargetDependency;
			target = 52893F461D82B65900460ABA /* ShoppingCart */;
			targetProxy = 52893F671D82B65900460ABA /* PBXContainerItemProxy */;
		};
/* End PBXTargetDependency section */

/* Begin PBXVariantGroup section */
		52893F4E1D82B65900460ABA /* Main.storyboard */ = {
			isa = PBXVariantGroup;
			children = (
				52893F4F1D82B65900460ABA /* Base */,
			);
			name = Main.storyboard;
			sourceTree = "<group>";
		};
		52893F531D82B65900460ABA /* LaunchScreen.storyboard */ = {
			isa = PBXVariantGroup;
			children = (
				52893F541D82B65900460ABA /* Base */,
			);
			name = LaunchScreen.storyboard;
			sourceTree = "<group>";
		};
/* End PBXVariantGroup section */

/* Begin XCBuildConfiguration section */
		52893F6D1D82B65900460ABA /* Debug */ = {
			isa = XCBuildConfiguration;
			buildSettings = {
				ALWAYS_SEARCH_USER_PATHS = NO;
				CLANG_ANALYZER_NONNULL = YES;
				CLANG_CXX_LANGUAGE_STANDARD = "gnu++0x";
				CLANG_CXX_LIBRARY = "libc++";
				CLANG_ENABLE_MODULES = YES;
				CLANG_ENABLE_OBJC_ARC = YES;
				CLANG_WARN_BOOL_CONVERSION = YES;
				CLANG_WARN_CONSTANT_CONVERSION = YES;
				CLANG_WARN_DIRECT_OBJC_ISA_USAGE = YES_ERROR;
				CLANG_WARN_EMPTY_BODY = YES;
				CLANG_WARN_ENUM_CONVERSION = YES;
				CLANG_WARN_INT_CONVERSION = YES;
				CLANG_WARN_OBJC_ROOT_CLASS = YES_ERROR;
				CLANG_WARN_UNREACHABLE_CODE = YES;
				CLANG_WARN__DUPLICATE_METHOD_MATCH = YES;
				"CODE_SIGN_IDENTITY[sdk=iphoneos*]" = "iPhone Developer";
				COPY_PHASE_STRIP = NO;
				DEBUG_INFORMATION_FORMAT = dwarf;
				ENABLE_STRICT_OBJC_MSGSEND = YES;
				ENABLE_TESTABILITY = YES;
				GCC_C_LANGUAGE_STANDARD = gnu99;
				GCC_DYNAMIC_NO_PIC = NO;
				GCC_NO_COMMON_BLOCKS = YES;
				GCC_OPTIMIZATION_LEVEL = 0;
				GCC_PREPROCESSOR_DEFINITIONS = (
					"DEBUG=1",
					"$(inherited)",
				);
				GCC_WARN_64_TO_32_BIT_CONVERSION = YES;
				GCC_WARN_ABOUT_RETURN_TYPE = YES_ERROR;
				GCC_WARN_UNDECLARED_SELECTOR = YES;
				GCC_WARN_UNINITIALIZED_AUTOS = YES_AGGRESSIVE;
				GCC_WARN_UNUSED_FUNCTION = YES;
				GCC_WARN_UNUSED_VARIABLE = YES;
				IPHONEOS_DEPLOYMENT_TARGET = 9.3;
				MTL_ENABLE_DEBUG_INFO = YES;
				ONLY_ACTIVE_ARCH = YES;
				SDKROOT = iphoneos;
				SWIFT_OPTIMIZATION_LEVEL = "-Onone";
			};
			name = Debug;
		};
		52893F6E1D82B65900460ABA /* Release */ = {
			isa = XCBuildConfiguration;
			buildSettings = {
				ALWAYS_SEARCH_USER_PATHS = NO;
				CLANG_ANALYZER_NONNULL = YES;
				CLANG_CXX_LANGUAGE_STANDARD = "gnu++0x";
				CLANG_CXX_LIBRARY = "libc++";
				CLANG_ENABLE_MODULES = YES;
				CLANG_ENABLE_OBJC_ARC = YES;
				CLANG_WARN_BOOL_CONVERSION = YES;
				CLANG_WARN_CONSTANT_CONVERSION = YES;
				CLANG_WARN_DIRECT_OBJC_ISA_USAGE = YES_ERROR;
				CLANG_WARN_EMPTY_BODY = YES;
				CLANG_WARN_ENUM_CONVERSION = YES;
				CLANG_WARN_INT_CONVERSION = YES;
				CLANG_WARN_OBJC_ROOT_CLASS = YES_ERROR;
				CLANG_WARN_UNREACHABLE_CODE = YES;
				CLANG_WARN__DUPLICATE_METHOD_MATCH = YES;
				"CODE_SIGN_IDENTITY[sdk=iphoneos*]" = "iPhone Developer";
				COPY_PHASE_STRIP = NO;
				DEBUG_INFORMATION_FORMAT = "dwarf-with-dsym";
				ENABLE_NS_ASSERTIONS = NO;
				ENABLE_STRICT_OBJC_MSGSEND = YES;
				GCC_C_LANGUAGE_STANDARD = gnu99;
				GCC_NO_COMMON_BLOCKS = YES;
				GCC_WARN_64_TO_32_BIT_CONVERSION = YES;
				GCC_WARN_ABOUT_RETURN_TYPE = YES_ERROR;
				GCC_WARN_UNDECLARED_SELECTOR = YES;
				GCC_WARN_UNINITIALIZED_AUTOS = YES_AGGRESSIVE;
				GCC_WARN_UNUSED_FUNCTION = YES;
				GCC_WARN_UNUSED_VARIABLE = YES;
				IPHONEOS_DEPLOYMENT_TARGET = 9.3;
				MTL_ENABLE_DEBUG_INFO = NO;
				SDKROOT = iphoneos;
				VALIDATE_PRODUCT = YES;
			};
			name = Release;
		};
		52893F701D82B65900460ABA /* Debug */ = {
			isa = XCBuildConfiguration;
			buildSettings = {
				ASSETCATALOG_COMPILER_APPICON_NAME = AppIcon;
				INFOPLIST_FILE = ShoppingCart/Info.plist;
				LD_RUNPATH_SEARCH_PATHS = "$(inherited) @executable_path/Frameworks";
				PRODUCT_BUNDLE_IDENTIFIER = com.nj.ShoppingCart;
				PRODUCT_NAME = "$(TARGET_NAME)";
			};
			name = Debug;
		};
		52893F711D82B65900460ABA /* Release */ = {
			isa = XCBuildConfiguration;
			buildSettings = {
				ASSETCATALOG_COMPILER_APPICON_NAME = AppIcon;
				INFOPLIST_FILE = ShoppingCart/Info.plist;
				LD_RUNPATH_SEARCH_PATHS = "$(inherited) @executable_path/Frameworks";
				PRODUCT_BUNDLE_IDENTIFIER = com.nj.ShoppingCart;
				PRODUCT_NAME = "$(TARGET_NAME)";
			};
			name = Release;
		};
		52893F731D82B65900460ABA /* Debug */ = {
			isa = XCBuildConfiguration;
			buildSettings = {
				BUNDLE_LOADER = "$(TEST_HOST)";
				INFOPLIST_FILE = ShoppingCartTests/Info.plist;
				LD_RUNPATH_SEARCH_PATHS = "$(inherited) @executable_path/Frameworks @loader_path/Frameworks";
				PRODUCT_BUNDLE_IDENTIFIER = com.cyanotis.ShoppingCartTests;
				PRODUCT_NAME = "$(TARGET_NAME)";
				TEST_HOST = "$(BUILT_PRODUCTS_DIR)/ShoppingCart.app/ShoppingCart";
			};
			name = Debug;
		};
		52893F741D82B65900460ABA /* Release */ = {
			isa = XCBuildConfiguration;
			buildSettings = {
				BUNDLE_LOADER = "$(TEST_HOST)";
				INFOPLIST_FILE = ShoppingCartTests/Info.plist;
				LD_RUNPATH_SEARCH_PATHS = "$(inherited) @executable_path/Frameworks @loader_path/Frameworks";
				PRODUCT_BUNDLE_IDENTIFIER = com.cyanotis.ShoppingCartTests;
				PRODUCT_NAME = "$(TARGET_NAME)";
				TEST_HOST = "$(BUILT_PRODUCTS_DIR)/ShoppingCart.app/ShoppingCart";
			};
			name = Release;
		};
		52893F761D82B65900460ABA /* Debug */ = {
			isa = XCBuildConfiguration;
			buildSettings = {
				INFOPLIST_FILE = ShoppingCartUITests/Info.plist;
				LD_RUNPATH_SEARCH_PATHS = "$(inherited) @executable_path/Frameworks @loader_path/Frameworks";
				PRODUCT_BUNDLE_IDENTIFIER = com.cyanotis.ShoppingCartUITests;
				PRODUCT_NAME = "$(TARGET_NAME)";
				TEST_TARGET_NAME = ShoppingCart;
			};
			name = Debug;
		};
		52893F771D82B65900460ABA /* Release */ = {
			isa = XCBuildConfiguration;
			buildSettings = {
				INFOPLIST_FILE = ShoppingCartUITests/Info.plist;
				LD_RUNPATH_SEARCH_PATHS = "$(inherited) @executable_path/Frameworks @loader_path/Frameworks";
				PRODUCT_BUNDLE_IDENTIFIER = com.cyanotis.ShoppingCartUITests;
				PRODUCT_NAME = "$(TARGET_NAME)";
				TEST_TARGET_NAME = ShoppingCart;
			};
			name = Release;
		};
/* End XCBuildConfiguration section */

/* Begin XCConfigurationList section */
		52893F421D82B65900460ABA /* Build configuration list for PBXProject "ShoppingCart" */ = {
			isa = XCConfigurationList;
			buildConfigurations = (
				52893F6D1D82B65900460ABA /* Debug */,
				52893F6E1D82B65900460ABA /* Release */,
			);
			defaultConfigurationIsVisible = 0;
			defaultConfigurationName = Release;
		};
		52893F6F1D82B65900460ABA /* Build configuration list for PBXNativeTarget "ShoppingCart" */ = {
			isa = XCConfigurationList;
			buildConfigurations = (
				52893F701D82B65900460ABA /* Debug */,
				52893F711D82B65900460ABA /* Release */,
			);
			defaultConfigurationIsVisible = 0;
			defaultConfigurationName = Release;
		};
		52893F721D82B65900460ABA /* Build configuration list for PBXNativeTarget "ShoppingCartTests" */ = {
			isa = XCConfigurationList;
			buildConfigurations = (
				52893F731D82B65900460ABA /* Debug */,
				52893F741D82B65900460ABA /* Release */,
			);
			defaultConfigurationIsVisible = 0;
			defaultConfigurationName = Release;
		};
		52893F751D82B65900460ABA /* Build configuration list for PBXNativeTarget "ShoppingCartUITests" */ = {
			isa = XCConfigurationList;
			buildConfigurations = (
				52893F761D82B65900460ABA /* Debug */,
				52893F771D82B65900460ABA /* Release */,
			);
			defaultConfigurationIsVisible = 0;
			defaultConfigurationName = Release;
		};
/* End XCConfigurationList section */
	};
	rootObject = 52893F3F1D82B65900460ABA /* Project object */;
}
